
Microsoft Visual Studio Solution File, Format Version 12.00
# Visual Studio Version 17
VisualStudioVersion = 17.8.34316.72
MinimumVisualStudioVersion = 10.0.40219.1
Project("{2150E333-8FDC-42A3-9474-1A3956D46DE8}") = "src", "src", "{FC688EE3-5889-4946-B9C3-4B6F507EE411}"
EndProject
Project("{2150E333-8FDC-42A3-9474-1A3956D46DE8}") = "API", "API", "{B8BAF7C5-33E1-4A61-BE9B-06AF856A8AC1}"
EndProject
Project("{2150E333-8FDC-42A3-9474-1A3956D46DE8}") = "Infrastructure", "Infrastructure", "{DCDDE5EB-9C57-44D4-B1D8-54474BE5DC79}"
EndProject
Project("{2150E333-8FDC-42A3-9474-1A3956D46DE8}") = "UI", "UI", "{94843AAA-0391-4753-8A5E-484B76127B76}"
EndProject
Project("{2150E333-8FDC-42A3-9474-1A3956D46DE8}") = "Core", "Core", "{7CBF1AF0-CA19-425C-A210-AC49E20B8A53}"
EndProject
Project("{2150E333-8FDC-42A3-9474-1A3956D46DE8}") = "test", "test", "{2918DE0A-0603-4682-84A0-9AF86BEC9BF7}"
EndProject
Project("{9A19103F-16F7-4668-BE54-9A1E7A4F7556}") = "HR.LeaveManagement.Domain", "HR.LeaveManagement.Domain\HR.LeaveManagement.Domain.csproj", "{BA0D1271-0D54-44B7-B126-1F3E13EA6A8E}"
EndProject
Project("{9A19103F-16F7-4668-BE54-9A1E7A4F7556}") = "HR.LeaveManagement.Application", "HR.LeaveManagement.Application\HR.LeaveManagement.Application.csproj", "{5155E85C-8A82-4128-B635-AC4CB7CEF5DC}"
EndProject
Project("{FAE04EC0-301F-11D3-BF4B-00C04F79EFBC}") = "HR.LeaveManagement.Persistence", "HR.LeaveManagement.Persistence\HR.LeaveManagement.Persistence.csproj", "{63671655-81A3-4FD2-9F39-FC80B9A6695D}"
EndProject
Global
	GlobalSection(SolutionConfigurationPlatforms) = preSolution
		Debug|Any CPU = Debug|Any CPU
		Release|Any CPU = Release|Any CPU
	EndGlobalSection
	GlobalSection(ProjectConfigurationPlatforms) = postSolution
		{BA0D1271-0D54-44B7-B126-1F3E13EA6A8E}.Debug|Any CPU.ActiveCfg = Debug|Any CPU
		{BA0D1271-0D54-44B7-B126-1F3E13EA6A8E}.Debug|Any CPU.Build.0 = Debug|Any CPU
		{BA0D1271-0D54-44B7-B126-1F3E13EA6A8E}.Release|Any CPU.ActiveCfg = Release|Any CPU
		{BA0D1271-0D54-44B7-B126-1F3E13EA6A8E}.Release|Any CPU.Build.0 = Release|Any CPU
		{5155E85C-8A82-4128-B635-AC4CB7CEF5DC}.Debug|Any CPU.ActiveCfg = Debug|Any CPU
		{5155E85C-8A82-4128-B635-AC4CB7CEF5DC}.Debug|Any CPU.Build.0 = Debug|Any CPU
		{5155E85C-8A82-4128-B635-AC4CB7CEF5DC}.Release|Any CPU.ActiveCfg = Release|Any CPU
		{5155E85C-8A82-4128-B635-AC4CB7CEF5DC}.Release|Any CPU.Build.0 = Release|Any CPU
		{63671655-81A3-4FD2-9F39-FC80B9A6695D}.Debug|Any CPU.ActiveCfg = Debug|Any CPU
		{63671655-81A3-4FD2-9F39-FC80B9A6695D}.Debug|Any CPU.Build.0 = Debug|Any CPU
		{63671655-81A3-4FD2-9F39-FC80B9A6695D}.Release|Any CPU.ActiveCfg = Release|Any CPU
		{63671655-81A3-4FD2-9F39-FC80B9A6695D}.Release|Any CPU.Build.0 = Release|Any CPU
	EndGlobalSection
	GlobalSection(SolutionProperties) = preSolution
		HideSolutionNode = FALSE
	EndGlobalSection
	GlobalSection(NestedProjects) = preSolution
		{B8BAF7C5-33E1-4A61-BE9B-06AF856A8AC1} = {FC688EE3-5889-4946-B9C3-4B6F507EE411}
		{DCDDE5EB-9C57-44D4-B1D8-54474BE5DC79} = {FC688EE3-5889-4946-B9C3-4B6F507EE411}
		{94843AAA-0391-4753-8A5E-484B76127B76} = {FC688EE3-5889-4946-B9C3-4B6F507EE411}
		{7CBF1AF0-CA19-425C-A210-AC49E20B8A53} = {FC688EE3-5889-4946-B9C3-4B6F507EE411}
		{BA0D1271-0D54-44B7-B126-1F3E13EA6A8E} = {7CBF1AF0-CA19-425C-A210-AC49E20B8A53}
		{5155E85C-8A82-4128-B635-AC4CB7CEF5DC} = {7CBF1AF0-CA19-425C-A210-AC49E20B8A53}
		{63671655-81A3-4FD2-9F39-FC80B9A6695D} = {DCDDE5EB-9C57-44D4-B1D8-54474BE5DC79}
	EndGlobalSection
	GlobalSection(ExtensibilityGlobals) = postSolution
		SolutionGuid = {2CB74476-689C-4A3F-9D83-C990480BA177}
	EndGlobalSection
EndGlobal
